# generated by rye
# use `rye lock` or `rye sync` to update this lockfile
#
# last locked with the following flags:
#   pre: false
#   features: []
#   all-features: false
#   with-sources: false

-e file:.
alembic==1.13.2
    # via netsight
amqp==5.2.0
    # via kombu
annotated-types==0.6.0
    # via pydantic
anyio==4.2.0
    # via httpx
    # via starlette
    # via watchfiles
asyncpg==0.29.0
    # via netsight
bcrypt==4.0.1
    # via netsight
    # via paramiko
billiard==4.2.0
    # via celery
black==23.12.1
celery==5.4.0
    # via netsight
certifi==2023.11.17
    # via httpcore
    # via httpx
    # via sentry-sdk
cffi==1.16.0
    # via cryptography
    # via pynacl
cfgv==3.4.0
    # via pre-commit
click==8.1.7
    # via black
    # via celery
    # via click-didyoumean
    # via click-plugins
    # via click-repl
    # via typer
    # via uvicorn
click-didyoumean==0.3.1
    # via celery
click-plugins==1.1.1
    # via celery
click-repl==0.3.0
    # via celery
coverage==7.4.0
    # via pytest-cov
cryptography==42.0.8
    # via netsight
    # via paramiko
distlib==0.3.8
    # via virtualenv
dnspython==2.5.0
    # via email-validator
email-validator==2.1.0.post1
    # via fastapi
    # via netsight
faker==26.0.0
    # via polyfactory
fastapi==0.111.0
    # via netsight
fastapi-cli==0.0.4
    # via fastapi
filelock==3.13.1
    # via virtualenv
future==1.0.0
    # via textfsm
greenlet==3.0.3
    # via sqlalchemy
gunicorn==21.2.0
    # via netsight
h11==0.14.0
    # via httpcore
    # via uvicorn
httpcore==1.0.2
    # via httpx
httptools==0.6.1
    # via uvicorn
httpx==0.26.0
    # via fastapi
    # via netsight
icmplib==3.0.4
    # via netsight
identify==2.5.33
    # via pre-commit
idna==3.6
    # via anyio
    # via email-validator
    # via httpx
iniconfig==2.0.0
    # via pytest
jinja2==3.1.4
    # via fastapi
kombu==5.3.7
    # via celery
mako==1.3.0
    # via alembic
markdown-it-py==3.0.0
    # via rich
markupsafe==2.1.3
    # via jinja2
    # via mako
mdurl==0.1.2
    # via markdown-it-py
mypy==1.8.0
mypy-extensions==1.0.0
    # via black
    # via mypy
netmiko==4.3.0
    # via netsight
nodeenv==1.8.0
    # via pre-commit
ntc-templates==5.1.0
    # via netmiko
numpy==1.26.4
    # via netsight
    # via pandas
orjson==3.10.6
    # via fastapi
packaging==23.2
    # via black
    # via gunicorn
    # via pytest
    # via pytest-sugar
pandas==2.2.0
    # via netsight
paramiko==3.4.0
    # via netmiko
    # via scp
passlib==1.7.4
    # via netsight
pathspec==0.12.1
    # via black
platformdirs==4.1.0
    # via black
    # via virtualenv
pluggy==1.3.0
    # via pytest
polyfactory==2.16.0
pre-commit==3.6.0
prompt-toolkit==3.0.47
    # via click-repl
pycparser==2.22
    # via cffi
pydantic==2.5.3
    # via fastapi
    # via pydantic-settings
pydantic-core==2.14.6
    # via pydantic
pydantic-settings==2.1.0
    # via netsight
pygments==2.18.0
    # via rich
pyjwt==2.8.0
    # via netsight
pynacl==1.5.0
    # via paramiko
pyserial==3.5
    # via netmiko
pytest==7.4.4
    # via pytest-asyncio
    # via pytest-cov
    # via pytest-sugar
    # via pytest-tldr
pytest-asyncio==0.20.3
pytest-cov==4.1.0
pytest-sugar==1.0.0
pytest-tldr==0.2.5
python-dateutil==2.8.2
    # via celery
    # via faker
    # via pandas
python-dotenv==1.0.0
    # via pydantic-settings
    # via uvicorn
python-multipart==0.0.9
    # via fastapi
    # via netsight
pytz==2024.1
    # via pandas
pyyaml==6.0.1
    # via netmiko
    # via pre-commit
    # via uvicorn
redis==5.0.1
    # via netsight
rich==13.7.1
    # via typer
ruff==0.5.1
scp==0.15.0
    # via netmiko
sentry-sdk==1.39.2
    # via netsight
setuptools==69.0.3
    # via nodeenv
shellingham==1.5.4
    # via typer
six==1.16.0
    # via python-dateutil
    # via textfsm
sniffio==1.3.0
    # via anyio
    # via httpx
sqlalchemy==2.0.31
    # via alembic
    # via netsight
    # via sqlalchemy-utils
sqlalchemy-utils==0.41.1
    # via netsight
starlette==0.37.2
    # via fastapi
tcppinglib==2.0.3
    # via netsight
termcolor==2.4.0
    # via pytest-sugar
textfsm==1.1.3
    # via netmiko
    # via ntc-templates
typer==0.12.3
    # via fastapi-cli
typing-extensions==4.9.0
    # via alembic
    # via fastapi
    # via mypy
    # via polyfactory
    # via pydantic
    # via pydantic-core
    # via sqlalchemy
    # via typer
tzdata==2024.1
    # via celery
    # via pandas
ujson==5.10.0
    # via fastapi
urllib3==2.1.0
    # via sentry-sdk
uvicorn==0.25.0
    # via fastapi
    # via netsight
uvloop==0.19.0
    # via uvicorn
vine==5.1.0
    # via amqp
    # via celery
    # via kombu
virtualenv==20.25.0
    # via pre-commit
watchfiles==0.21.0
    # via uvicorn
wcwidth==0.2.13
    # via prompt-toolkit
websockets==12.0
    # via uvicorn
